
Microsoft Visual Studio Solution File, Format Version 12.00
# Visual Studio 15
VisualStudioVersion = 15.0.27703.2035
MinimumVisualStudioVersion = 10.0.40219.1
Project("{FAE04EC0-301F-11D3-BF4B-00C04F79EFBC}") = "ProjetoLivro.Android", "ProjetoLivro\ProjetoLivro.Android\ProjetoLivro.Android.csproj", "{38338461-1416-4A00-981F-790FD6C3C4C6}"
EndProject
Project("{FAE04EC0-301F-11D3-BF4B-00C04F79EFBC}") = "ProjetoLivro.iOS", "ProjetoLivro\ProjetoLivro.iOS\ProjetoLivro.iOS.csproj", "{0CF3D802-1D6A-4F02-B843-F441829203B6}"
EndProject
Project("{FAE04EC0-301F-11D3-BF4B-00C04F79EFBC}") = "ProjetoLivro", "ProjetoLivro\ProjetoLivro\ProjetoLivro.csproj", "{EDBF4E7A-1E49-451A-927B-B0A1F02B4F90}"
EndProject
Global
	GlobalSection(SolutionConfigurationPlatforms) = preSolution
		Ad-Hoc|Any CPU = Ad-Hoc|Any CPU
		Ad-Hoc|iPhone = Ad-Hoc|iPhone
		Ad-Hoc|iPhoneSimulator = Ad-Hoc|iPhoneSimulator
		AppStore|Any CPU = AppStore|Any CPU
		AppStore|iPhone = AppStore|iPhone
		AppStore|iPhoneSimulator = AppStore|iPhoneSimulator
		Debug|Any CPU = Debug|Any CPU
		Debug|iPhone = Debug|iPhone
		Debug|iPhoneSimulator = Debug|iPhoneSimulator
		Release|Any CPU = Release|Any CPU
		Release|iPhone = Release|iPhone
		Release|iPhoneSimulator = Release|iPhoneSimulator
	EndGlobalSection
	GlobalSection(ProjectConfigurationPlatforms) = postSolution
		{38338461-1416-4A00-981F-790FD6C3C4C6}.Ad-Hoc|Any CPU.ActiveCfg = Release|Any CPU
		{38338461-1416-4A00-981F-790FD6C3C4C6}.Ad-Hoc|Any CPU.Build.0 = Release|Any CPU
		{38338461-1416-4A00-981F-790FD6C3C4C6}.Ad-Hoc|Any CPU.Deploy.0 = Release|Any CPU
		{38338461-1416-4A00-981F-790FD6C3C4C6}.Ad-Hoc|iPhone.ActiveCfg = Release|Any CPU
		{38338461-1416-4A00-981F-790FD6C3C4C6}.Ad-Hoc|iPhone.Build.0 = Release|Any CPU
		{38338461-1416-4A00-981F-790FD6C3C4C6}.Ad-Hoc|iPhone.Deploy.0 = Release|Any CPU
		{38338461-1416-4A00-981F-790FD6C3C4C6}.Ad-Hoc|iPhoneSimulator.ActiveCfg = Release|Any CPU
		{38338461-1416-4A00-981F-790FD6C3C4C6}.Ad-Hoc|iPhoneSimulator.Build.0 = Release|Any CPU
		{38338461-1416-4A00-981F-790FD6C3C4C6}.Ad-Hoc|iPhoneSimulator.Deploy.0 = Release|Any CPU
		{38338461-1416-4A00-981F-790FD6C3C4C6}.AppStore|Any CPU.ActiveCfg = Release|Any CPU
		{38338461-1416-4A00-981F-790FD6C3C4C6}.AppStore|Any CPU.Build.0 = Release|Any CPU
		{38338461-1416-4A00-981F-790FD6C3C4C6}.AppStore|Any CPU.Deploy.0 = Release|Any CPU
		{38338461-1416-4A00-981F-790FD6C3C4C6}.AppStore|iPhone.ActiveCfg = Release|Any CPU
		{38338461-1416-4A00-981F-790FD6C3C4C6}.AppStore|iPhone.Build.0 = Release|Any CPU
		{38338461-1416-4A00-981F-790FD6C3C4C6}.AppStore|iPhone.Deploy.0 = Release|Any CPU
		{38338461-1416-4A00-981F-790FD6C3C4C6}.AppStore|iPhoneSimulator.ActiveCfg = Release|Any CPU
		{38338461-1416-4A00-981F-790FD6C3C4C6}.AppStore|iPhoneSimulator.Build.0 = Release|Any CPU
		{38338461-1416-4A00-981F-790FD6C3C4C6}.AppStore|iPhoneSimulator.Deploy.0 = Release|Any CPU
		{38338461-1416-4A00-981F-790FD6C3C4C6}.Debug|Any CPU.ActiveCfg = Debug|Any CPU
		{38338461-1416-4A00-981F-790FD6C3C4C6}.Debug|Any CPU.Build.0 = Debug|Any CPU
		{38338461-1416-4A00-981F-790FD6C3C4C6}.Debug|Any CPU.Deploy.0 = Debug|Any CPU
		{38338461-1416-4A00-981F-790FD6C3C4C6}.Debug|iPhone.ActiveCfg = Debug|Any CPU
		{38338461-1416-4A00-981F-790FD6C3C4C6}.Debug|iPhone.Build.0 = Debug|Any CPU
		{38338461-1416-4A00-981F-790FD6C3C4C6}.Debug|iPhone.Deploy.0 = Debug|Any CPU
		{38338461-1416-4A00-981F-790FD6C3C4C6}.Debug|iPhoneSimulator.ActiveCfg = Debug|Any CPU
		{38338461-1416-4A00-981F-790FD6C3C4C6}.Debug|iPhoneSimulator.Build.0 = Debug|Any CPU
		{38338461-1416-4A00-981F-790FD6C3C4C6}.Debug|iPhoneSimulator.Deploy.0 = Debug|Any CPU
		{38338461-1416-4A00-981F-790FD6C3C4C6}.Release|Any CPU.ActiveCfg = Release|Any CPU
		{38338461-1416-4A00-981F-790FD6C3C4C6}.Release|Any CPU.Build.0 = Release|Any CPU
		{38338461-1416-4A00-981F-790FD6C3C4C6}.Release|Any CPU.Deploy.0 = Release|Any CPU
		{38338461-1416-4A00-981F-790FD6C3C4C6}.Release|iPhone.ActiveCfg = Release|Any CPU
		{38338461-1416-4A00-981F-790FD6C3C4C6}.Release|iPhone.Build.0 = Release|Any CPU
		{38338461-1416-4A00-981F-790FD6C3C4C6}.Release|iPhone.Deploy.0 = Release|Any CPU
		{38338461-1416-4A00-981F-790FD6C3C4C6}.Release|iPhoneSimulator.ActiveCfg = Release|Any CPU
		{38338461-1416-4A00-981F-790FD6C3C4C6}.Release|iPhoneSimulator.Build.0 = Release|Any CPU
		{38338461-1416-4A00-981F-790FD6C3C4C6}.Release|iPhoneSimulator.Deploy.0 = Release|Any CPU
		{0CF3D802-1D6A-4F02-B843-F441829203B6}.Ad-Hoc|Any CPU.ActiveCfg = Ad-Hoc|iPhone
		{0CF3D802-1D6A-4F02-B843-F441829203B6}.Ad-Hoc|Any CPU.Build.0 = Ad-Hoc|iPhone
		{0CF3D802-1D6A-4F02-B843-F441829203B6}.Ad-Hoc|Any CPU.Deploy.0 = Ad-Hoc|iPhone
		{0CF3D802-1D6A-4F02-B843-F441829203B6}.Ad-Hoc|iPhone.ActiveCfg = Ad-Hoc|iPhone
		{0CF3D802-1D6A-4F02-B843-F441829203B6}.Ad-Hoc|iPhone.Build.0 = Ad-Hoc|iPhone
		{0CF3D802-1D6A-4F02-B843-F441829203B6}.Ad-Hoc|iPhone.Deploy.0 = Ad-Hoc|iPhone
		{0CF3D802-1D6A-4F02-B843-F441829203B6}.Ad-Hoc|iPhoneSimulator.ActiveCfg = Ad-Hoc|iPhoneSimulator
		{0CF3D802-1D6A-4F02-B843-F441829203B6}.Ad-Hoc|iPhoneSimulator.Build.0 = Ad-Hoc|iPhoneSimulator
		{0CF3D802-1D6A-4F02-B843-F441829203B6}.Ad-Hoc|iPhoneSimulator.Deploy.0 = Ad-Hoc|iPhoneSimulator
		{0CF3D802-1D6A-4F02-B843-F441829203B6}.AppStore|Any CPU.ActiveCfg = AppStore|iPhone
		{0CF3D802-1D6A-4F02-B843-F441829203B6}.AppStore|Any CPU.Build.0 = AppStore|iPhone
		{0CF3D802-1D6A-4F02-B843-F441829203B6}.AppStore|Any CPU.Deploy.0 = AppStore|iPhone
		{0CF3D802-1D6A-4F02-B843-F441829203B6}.AppStore|iPhone.ActiveCfg = AppStore|iPhone
		{0CF3D802-1D6A-4F02-B843-F441829203B6}.AppStore|iPhone.Build.0 = AppStore|iPhone
		{0CF3D802-1D6A-4F02-B843-F441829203B6}.AppStore|iPhone.Deploy.0 = AppStore|iPhone
		{0CF3D802-1D6A-4F02-B843-F441829203B6}.AppStore|iPhoneSimulator.ActiveCfg = AppStore|iPhoneSimulator
		{0CF3D802-1D6A-4F02-B843-F441829203B6}.AppStore|iPhoneSimulator.Build.0 = AppStore|iPhoneSimulator
		{0CF3D802-1D6A-4F02-B843-F441829203B6}.AppStore|iPhoneSimulator.Deploy.0 = AppStore|iPhoneSimulator
		{0CF3D802-1D6A-4F02-B843-F441829203B6}.Debug|Any CPU.ActiveCfg = Debug|iPhoneSimulator
		{0CF3D802-1D6A-4F02-B843-F441829203B6}.Debug|Any CPU.Build.0 = Debug|iPhoneSimulator
		{0CF3D802-1D6A-4F02-B843-F441829203B6}.Debug|Any CPU.Deploy.0 = Debug|iPhoneSimulator
		{0CF3D802-1D6A-4F02-B843-F441829203B6}.Debug|iPhone.ActiveCfg = Debug|iPhone
		{0CF3D802-1D6A-4F02-B843-F441829203B6}.Debug|iPhone.Build.0 = Debug|iPhone
		{0CF3D802-1D6A-4F02-B843-F441829203B6}.Debug|iPhone.Deploy.0 = Debug|iPhone
		{0CF3D802-1D6A-4F02-B843-F441829203B6}.Debug|iPhoneSimulator.ActiveCfg = Debug|iPhoneSimulator
		{0CF3D802-1D6A-4F02-B843-F441829203B6}.Debug|iPhoneSimulator.Build.0 = Debug|iPhoneSimulator
		{0CF3D802-1D6A-4F02-B843-F441829203B6}.Debug|iPhoneSimulator.Deploy.0 = Debug|iPhoneSimulator
		{0CF3D802-1D6A-4F02-B843-F441829203B6}.Release|Any CPU.ActiveCfg = Release|iPhone
		{0CF3D802-1D6A-4F02-B843-F441829203B6}.Release|Any CPU.Build.0 = Release|iPhone
		{0CF3D802-1D6A-4F02-B843-F441829203B6}.Release|Any CPU.Deploy.0 = Release|iPhone
		{0CF3D802-1D6A-4F02-B843-F441829203B6}.Release|iPhone.ActiveCfg = Release|iPhone
		{0CF3D802-1D6A-4F02-B843-F441829203B6}.Release|iPhone.Build.0 = Release|iPhone
		{0CF3D802-1D6A-4F02-B843-F441829203B6}.Release|iPhone.Deploy.0 = Release|iPhone
		{0CF3D802-1D6A-4F02-B843-F441829203B6}.Release|iPhoneSimulator.ActiveCfg = Release|iPhoneSimulator
		{0CF3D802-1D6A-4F02-B843-F441829203B6}.Release|iPhoneSimulator.Build.0 = Release|iPhoneSimulator
		{0CF3D802-1D6A-4F02-B843-F441829203B6}.Release|iPhoneSimulator.Deploy.0 = Release|iPhoneSimulator
		{EDBF4E7A-1E49-451A-927B-B0A1F02B4F90}.Ad-Hoc|Any CPU.ActiveCfg = Debug|Any CPU
		{EDBF4E7A-1E49-451A-927B-B0A1F02B4F90}.Ad-Hoc|Any CPU.Build.0 = Debug|Any CPU
		{EDBF4E7A-1E49-451A-927B-B0A1F02B4F90}.Ad-Hoc|Any CPU.Deploy.0 = Debug|Any CPU
		{EDBF4E7A-1E49-451A-927B-B0A1F02B4F90}.Ad-Hoc|iPhone.ActiveCfg = Debug|Any CPU
		{EDBF4E7A-1E49-451A-927B-B0A1F02B4F90}.Ad-Hoc|iPhone.Build.0 = Debug|Any CPU
		{EDBF4E7A-1E49-451A-927B-B0A1F02B4F90}.Ad-Hoc|iPhone.Deploy.0 = Debug|Any CPU
		{EDBF4E7A-1E49-451A-927B-B0A1F02B4F90}.Ad-Hoc|iPhoneSimulator.ActiveCfg = Debug|Any CPU
		{EDBF4E7A-1E49-451A-927B-B0A1F02B4F90}.Ad-Hoc|iPhoneSimulator.Build.0 = Debug|Any CPU
		{EDBF4E7A-1E49-451A-927B-B0A1F02B4F90}.Ad-Hoc|iPhoneSimulator.Deploy.0 = Debug|Any CPU
		{EDBF4E7A-1E49-451A-927B-B0A1F02B4F90}.AppStore|Any CPU.ActiveCfg = Debug|Any CPU
		{EDBF4E7A-1E49-451A-927B-B0A1F02B4F90}.AppStore|Any CPU.Build.0 = Debug|Any CPU
		{EDBF4E7A-1E49-451A-927B-B0A1F02B4F90}.AppStore|Any CPU.Deploy.0 = Debug|Any CPU
		{EDBF4E7A-1E49-451A-927B-B0A1F02B4F90}.AppStore|iPhone.ActiveCfg = Debug|Any CPU
		{EDBF4E7A-1E49-451A-927B-B0A1F02B4F90}.AppStore|iPhone.Build.0 = Debug|Any CPU
		{EDBF4E7A-1E49-451A-927B-B0A1F02B4F90}.AppStore|iPhone.Deploy.0 = Debug|Any CPU
		{EDBF4E7A-1E49-451A-927B-B0A1F02B4F90}.AppStore|iPhoneSimulator.ActiveCfg = Debug|Any CPU
		{EDBF4E7A-1E49-451A-927B-B0A1F02B4F90}.AppStore|iPhoneSimulator.Build.0 = Debug|Any CPU
		{EDBF4E7A-1E49-451A-927B-B0A1F02B4F90}.AppStore|iPhoneSimulator.Deploy.0 = Debug|Any CPU
		{EDBF4E7A-1E49-451A-927B-B0A1F02B4F90}.Debug|Any CPU.ActiveCfg = Debug|Any CPU
		{EDBF4E7A-1E49-451A-927B-B0A1F02B4F90}.Debug|Any CPU.Build.0 = Debug|Any CPU
		{EDBF4E7A-1E49-451A-927B-B0A1F02B4F90}.Debug|Any CPU.Deploy.0 = Debug|Any CPU
		{EDBF4E7A-1E49-451A-927B-B0A1F02B4F90}.Debug|iPhone.ActiveCfg = Debug|Any CPU
		{EDBF4E7A-1E49-451A-927B-B0A1F02B4F90}.Debug|iPhone.Build.0 = Debug|Any CPU
		{EDBF4E7A-1E49-451A-927B-B0A1F02B4F90}.Debug|iPhone.Deploy.0 = Debug|Any CPU
		{EDBF4E7A-1E49-451A-927B-B0A1F02B4F90}.Debug|iPhoneSimulator.ActiveCfg = Debug|Any CPU
		{EDBF4E7A-1E49-451A-927B-B0A1F02B4F90}.Debug|iPhoneSimulator.Build.0 = Debug|Any CPU
		{EDBF4E7A-1E49-451A-927B-B0A1F02B4F90}.Debug|iPhoneSimulator.Deploy.0 = Debug|Any CPU
		{EDBF4E7A-1E49-451A-927B-B0A1F02B4F90}.Release|Any CPU.ActiveCfg = Release|Any CPU
		{EDBF4E7A-1E49-451A-927B-B0A1F02B4F90}.Release|Any CPU.Build.0 = Release|Any CPU
		{EDBF4E7A-1E49-451A-927B-B0A1F02B4F90}.Release|Any CPU.Deploy.0 = Release|Any CPU
		{EDBF4E7A-1E49-451A-927B-B0A1F02B4F90}.Release|iPhone.ActiveCfg = Release|Any CPU
		{EDBF4E7A-1E49-451A-927B-B0A1F02B4F90}.Release|iPhone.Build.0 = Release|Any CPU
		{EDBF4E7A-1E49-451A-927B-B0A1F02B4F90}.Release|iPhone.Deploy.0 = Release|Any CPU
		{EDBF4E7A-1E49-451A-927B-B0A1F02B4F90}.Release|iPhoneSimulator.ActiveCfg = Release|Any CPU
		{EDBF4E7A-1E49-451A-927B-B0A1F02B4F90}.Release|iPhoneSimulator.Build.0 = Release|Any CPU
		{EDBF4E7A-1E49-451A-927B-B0A1F02B4F90}.Release|iPhoneSimulator.Deploy.0 = Release|Any CPU
	EndGlobalSection
	GlobalSection(SolutionProperties) = preSolution
		HideSolutionNode = FALSE
	EndGlobalSection
	GlobalSection(ExtensibilityGlobals) = postSolution
		SolutionGuid = {3F659EA9-3D0C-47E2-AF5C-FECAE39FDDCD}
	EndGlobalSection
EndGlobal
